// !$*UTF8*$!
{
	archiveVersion = 1;
	classes = {
	};
	objectVersion = 50;
	objects = {

/* Begin PBXBuildFile section */
		29416D0D23A96274004AA792 /* Common.framework in Frameworks */ = {isa = PBXBuildFile; fileRef = 29416D0C23A96274004AA792 /* Common.framework */; };
		29416D0F23A96278004AA792 /* Networking.framework in Frameworks */ = {isa = PBXBuildFile; fileRef = 29416D0E23A96278004AA792 /* Networking.framework */; };
		29416D1123A9627B004AA792 /* UIComp.framework in Frameworks */ = {isa = PBXBuildFile; fileRef = 29416D1023A9627B004AA792 /* UIComp.framework */; };
		29B5025923A95F2A002AB52B /* AppDelegate.swift in Sources */ = {isa = PBXBuildFile; fileRef = 29B5025823A95F2A002AB52B /* AppDelegate.swift */; };
		29B5025D23A95F2A002AB52B /* ViewController.swift in Sources */ = {isa = PBXBuildFile; fileRef = 29B5025C23A95F2A002AB52B /* ViewController.swift */; };
		29B5026023A95F2A002AB52B /* Main.storyboard in Resources */ = {isa = PBXBuildFile; fileRef = 29B5025E23A95F2A002AB52B /* Main.storyboard */; };
		29B5026223A95F2A002AB52B /* Assets.xcassets in Resources */ = {isa = PBXBuildFile; fileRef = 29B5026123A95F2A002AB52B /* Assets.xcassets */; };
		29B5026523A95F2A002AB52B /* LaunchScreen.storyboard in Resources */ = {isa = PBXBuildFile; fileRef = 29B5026323A95F2A002AB52B /* LaunchScreen.storyboard */; };
/* End PBXBuildFile section */

/* Begin PBXFileReference section */
		29416D0C23A96274004AA792 /* Common.framework */ = {isa = PBXFileReference; explicitFileType = wrapper.framework; path = Common.framework; sourceTree = BUILT_PRODUCTS_DIR; };
		29416D0E23A96278004AA792 /* Networking.framework */ = {isa = PBXFileReference; explicitFileType = wrapper.framework; path = Networking.framework; sourceTree = BUILT_PRODUCTS_DIR; };
		29416D1023A9627B004AA792 /* UIComp.framework */ = {isa = PBXFileReference; explicitFileType = wrapper.framework; path = UIComp.framework; sourceTree = BUILT_PRODUCTS_DIR; };
		29B5025523A95F2A002AB52B /* NSDeprem.app */ = {isa = PBXFileReference; explicitFileType = wrapper.application; includeInIndex = 0; path = NSDeprem.app; sourceTree = BUILT_PRODUCTS_DIR; };
		29B5025823A95F2A002AB52B /* AppDelegate.swift */ = {isa = PBXFileReference; lastKnownFileType = sourcecode.swift; path = AppDelegate.swift; sourceTree = "<group>"; };
		29B5025C23A95F2A002AB52B /* ViewController.swift */ = {isa = PBXFileReference; lastKnownFileType = sourcecode.swift; path = ViewController.swift; sourceTree = "<group>"; };
		29B5025F23A95F2A002AB52B /* Base */ = {isa = PBXFileReference; lastKnownFileType = file.storyboard; name = Base; path = Base.lproj/Main.storyboard; sourceTree = "<group>"; };
		29B5026123A95F2A002AB52B /* Assets.xcassets */ = {isa = PBXFileReference; lastKnownFileType = folder.assetcatalog; path = Assets.xcassets; sourceTree = "<group>"; };
		29B5026423A95F2A002AB52B /* Base */ = {isa = PBXFileReference; lastKnownFileType = file.storyboard; name = Base; path = Base.lproj/LaunchScreen.storyboard; sourceTree = "<group>"; };
		29B5026623A95F2A002AB52B /* Info.plist */ = {isa = PBXFileReference; lastKnownFileType = text.plist.xml; path = Info.plist; sourceTree = "<group>"; };
/* End PBXFileReference section */

/* Begin PBXFrameworksBuildPhase section */
		29B5025223A95F2A002AB52B /* Frameworks */ = {
			isa = PBXFrameworksBuildPhase;
			buildActionMask = 2147483647;
			files = (
				29416D1123A9627B004AA792 /* UIComp.framework in Frameworks */,
				29416D0F23A96278004AA792 /* Networking.framework in Frameworks */,
				29416D0D23A96274004AA792 /* Common.framework in Frameworks */,
			);
			runOnlyForDeploymentPostprocessing = 0;
		};
/* End PBXFrameworksBuildPhase section */

/* Begin PBXGroup section */
		29416D0B23A96274004AA792 /* Frameworks */ = {
			isa = PBXGroup;
			children = (
				29416D1023A9627B004AA792 /* UIComp.framework */,
				29416D0E23A96278004AA792 /* Networking.framework */,
				29416D0C23A96274004AA792 /* Common.framework */,
			);
			name = Frameworks;
			sourceTree = "<group>";
		};
		29B5024C23A95F2A002AB52B = {
			isa = PBXGroup;
			children = (
				29B5025723A95F2A002AB52B /* NSDeprem */,
				29B5025623A95F2A002AB52B /* Products */,
				29416D0B23A96274004AA792 /* Frameworks */,
			);
			sourceTree = "<group>";
		};
		29B5025623A95F2A002AB52B /* Products */ = {
			isa = PBXGroup;
			children = (
				29B5025523A95F2A002AB52B /* NSDeprem.app */,
			);
			name = Products;
			sourceTree = "<group>";
		};
		29B5025723A95F2A002AB52B /* NSDeprem */ = {
			isa = PBXGroup;
			children = (
				29B5025823A95F2A002AB52B /* AppDelegate.swift */,
				29B5025C23A95F2A002AB52B /* ViewController.swift */,
				29B5025E23A95F2A002AB52B /* Main.storyboard */,
				29B5026123A95F2A002AB52B /* Assets.xcassets */,
				29B5026323A95F2A002AB52B /* LaunchScreen.storyboard */,
				29B5026623A95F2A002AB52B /* Info.plist */,
			);
			path = NSDeprem;
			sourceTree = "<group>";
		};
/* End PBXGroup section */

/* Begin PBXNativeTarget section */
		29B5025423A95F2A002AB52B /* NSDeprem */ = {
			isa = PBXNativeTarget;
			buildConfigurationList = 29B5026923A95F2A002AB52B /* Build configuration list for PBXNativeTarget "NSDeprem" */;
			buildPhases = (
				29B5025123A95F2A002AB52B /* Sources */,
				29B5025223A95F2A002AB52B /* Frameworks */,
				29B5025323A95F2A002AB52B /* Resources */,
			);
			buildRules = (
			);
			dependencies = (
			);
			name = NSDeprem;
			productName = NSDeprem;
			productReference = 29B5025523A95F2A002AB52B /* NSDeprem.app */;
			productType = "com.apple.product-type.application";
		};
/* End PBXNativeTarget section */

/* Begin PBXProject section */
		29B5024D23A95F2A002AB52B /* Project object */ = {
			isa = PBXProject;
			attributes = {
				LastSwiftUpdateCheck = 1120;
				LastUpgradeCheck = 1120;
				ORGANIZATIONNAME = "emre Çiftçi";
				TargetAttributes = {
					29B5025423A95F2A002AB52B = {
						CreatedOnToolsVersion = 11.2.1;
					};
				};
			};
			buildConfigurationList = 29B5025023A95F2A002AB52B /* Build configuration list for PBXProject "NSDeprem" */;
			compatibilityVersion = "Xcode 9.3";
			developmentRegion = en;
			hasScannedForEncodings = 0;
			knownRegions = (
				en,
				Base,
			);
			mainGroup = 29B5024C23A95F2A002AB52B;
			productRefGroup = 29B5025623A95F2A002AB52B /* Products */;
			projectDirPath = "";
			projectRoot = "";
			targets = (
				29B5025423A95F2A002AB52B /* NSDeprem */,
			);
		};
/* End PBXProject section */

/* Begin PBXResourcesBuildPhase section */
		29B5025323A95F2A002AB52B /* Resources */ = {
			isa = PBXResourcesBuildPhase;
			buildActionMask = 2147483647;
			files = (
				29B5026523A95F2A002AB52B /* LaunchScreen.storyboard in Resources */,
				29B5026223A95F2A002AB52B /* Assets.xcassets in Resources */,
				29B5026023A95F2A002AB52B /* Main.storyboard in Resources */,
			);
			runOnlyForDeploymentPostprocessing = 0;
		};
/* End PBXResourcesBuildPhase section */

/* Begin PBXSourcesBuildPhase section */
		29B5025123A95F2A002AB52B /* Sources */ = {
			isa = PBXSourcesBuildPhase;
			buildActionMask = 2147483647;
			files = (
				29B5025D23A95F2A002AB52B /* ViewController.swift in Sources */,
				29B5025923A95F2A002AB52B /* AppDelegate.swift in Sources */,
			);
			runOnlyForDeploymentPostprocessing = 0;
		};
/* End PBXSourcesBuildPhase section */

/* Begin PBXVariantGroup section */
		29B5025E23A95F2A002AB52B /* Main.storyboard */ = {
			isa = PBXVariantGroup;
			children = (
				29B5025F23A95F2A002AB52B /* Base */,
			);
			name = Main.storyboard;
			sourceTree = "<group>";
		};
		29B5026323A95F2A002AB52B /* LaunchScreen.storyboard */ = {
			isa = PBXVariantGroup;
			children = (
				29B5026423A95F2A002AB52B /* Base */,
			);
			name = LaunchScreen.storyboard;
			sourceTree = "<group>";
		};
/* End PBXVariantGroup section */

/* Begin XCBuildConfiguration section */
		29B5026723A95F2A002AB52B /* Debug */ = {
			isa = XCBuildConfiguration;
			buildSettings = {
				ALWAYS_SEARCH_USER_PATHS = NO;
				CLANG_ANALYZER_NONNULL = YES;
				CLANG_ANALYZER_NUMBER_OBJECT_CONVERSION = YES_AGGRESSIVE;
				CLANG_CXX_LANGUAGE_STANDARD = "gnu++14";
				CLANG_CXX_LIBRARY = "libc++";
				CLANG_ENABLE_MODULES = YES;
				CLANG_ENABLE_OBJC_ARC = YES;
				CLANG_ENABLE_OBJC_WEAK = YES;
				CLANG_WARN_BLOCK_CAPTURE_AUTORELEASING = YES;
				CLANG_WARN_BOOL_CONVERSION = YES;
				CLANG_WARN_COMMA = YES;
				CLANG_WARN_CONSTANT_CONVERSION = YES;
				CLANG_WARN_DEPRECATED_OBJC_IMPLEMENTATIONS = YES;
				CLANG_WARN_DIRECT_OBJC_ISA_USAGE = YES_ERROR;
				CLANG_WARN_DOCUMENTATION_COMMENTS = YES;
				CLANG_WARN_EMPTY_BODY = YES;
				CLANG_WARN_ENUM_CONVERSION = YES;
				CLANG_WARN_INFINITE_RECURSION = YES;
				CLANG_WARN_INT_CONVERSION = YES;
				CLANG_WARN_NON_LITERAL_NULL_CONVERSION = YES;
				CLANG_WARN_OBJC_IMPLICIT_RETAIN_SELF = YES;
				CLANG_WARN_OBJC_LITERAL_CONVERSION = YES;
				CLANG_WARN_OBJC_ROOT_CLASS = YES_ERROR;
				CLANG_WARN_RANGE_LOOP_ANALYSIS = YES;
				CLANG_WARN_STRICT_PROTOTYPES = YES;
				CLANG_WARN_SUSPICIOUS_MOVE = YES;
				CLANG_WARN_UNGUARDED_AVAILABILITY = YES_AGGRESSIVE;
				CLANG_WARN_UNREACHABLE_CODE = YES;
				CLANG_WARN__DUPLICATE_METHOD_MATCH = YES;
				COPY_PHASE_STRIP = NO;
				DEBUG_INFORMATION_FORMAT = dwarf;
				ENABLE_STRICT_OBJC_MSGSEND = YES;
				ENABLE_TESTABILITY = YES;
				GCC_C_LANGUAGE_STANDARD = gnu11;
				GCC_DYNAMIC_NO_PIC = NO;
				GCC_NO_COMMON_BLOCKS = YES;
				GCC_OPTIMIZATION_LEVEL = 0;
				GCC_PREPROCESSOR_DEFINITIONS = (
					"DEBUG=1",
					"$(inherited)",
				);
				GCC_WARN_64_TO_32_BIT_CONVERSION = YES;
				GCC_WARN_ABOUT_RETURN_TYPE = YES_ERROR;
				GCC_WARN_UNDECLARED_SELECTOR = YES;
				GCC_WARN_UNINITIALIZED_AUTOS = YES_AGGRESSIVE;
				GCC_WARN_UNUSED_FUNCTION = YES;
				GCC_WARN_UNUSED_VARIABLE = YES;
				IPHONEOS_DEPLOYMENT_TARGET = 13.2;
				MTL_ENABLE_DEBUG_INFO = INCLUDE_SOURCE;
				MTL_FAST_MATH = YES;
				ONLY_ACTIVE_ARCH = YES;
				SDKROOT = iphoneos;
				SWIFT_ACTIVE_COMPILATION_CONDITIONS = DEBUG;
				SWIFT_OPTIMIZATION_LEVEL = "-Onone";
			};
			name = Debug;
		};
		29B5026823A95F2A002AB52B /* Release */ = {
			isa = XCBuildConfiguration;
			buildSettings = {
				ALWAYS_SEARCH_USER_PATHS = NO;
				CLANG_ANALYZER_NONNULL = YES;
				CLANG_ANALYZER_NUMBER_OBJECT_CONVERSION = YES_AGGRESSIVE;
				CLANG_CXX_LANGUAGE_STANDARD = "gnu++14";
				CLANG_CXX_LIBRARY = "libc++";
				CLANG_ENABLE_MODULES = YES;
				CLANG_ENABLE_OBJC_ARC = YES;
				CLANG_ENABLE_OBJC_WEAK = YES;
				CLANG_WARN_BLOCK_CAPTURE_AUTORELEASING = YES;
				CLANG_WARN_BOOL_CONVERSION = YES;
				CLANG_WARN_COMMA = YES;
				CLANG_WARN_CONSTANT_CONVERSION = YES;
				CLANG_WARN_DEPRECATED_OBJC_IMPLEMENTATIONS = YES;
				CLANG_WARN_DIRECT_OBJC_ISA_USAGE = YES_ERROR;
				CLANG_WARN_DOCUMENTATION_COMMENTS = YES;
				CLANG_WARN_EMPTY_BODY = YES;
				CLANG_WARN_ENUM_CONVERSION = YES;
				CLANG_WARN_INFINITE_RECURSION = YES;
				CLANG_WARN_INT_CONVERSION = YES;
				CLANG_WARN_NON_LITERAL_NULL_CONVERSION = YES;
				CLANG_WARN_OBJC_IMPLICIT_RETAIN_SELF = YES;
				CLANG_WARN_OBJC_LITERAL_CONVERSION = YES;
				CLANG_WARN_OBJC_ROOT_CLASS = YES_ERROR;
				CLANG_WARN_RANGE_LOOP_ANALYSIS = YES;
				CLANG_WARN_STRICT_PROTOTYPES = YES;
				CLANG_WARN_SUSPICIOUS_MOVE = YES;
				CLANG_WARN_UNGUARDED_AVAILABILITY = YES_AGGRESSIVE;
				CLANG_WARN_UNREACHABLE_CODE = YES;
				CLANG_WARN__DUPLICATE_METHOD_MATCH = YES;
				COPY_PHASE_STRIP = NO;
				DEBUG_INFORMATION_FORMAT = "dwarf-with-dsym";
				ENABLE_NS_ASSERTIONS = NO;
				ENABLE_STRICT_OBJC_MSGSEND = YES;
				GCC_C_LANGUAGE_STANDARD = gnu11;
				GCC_NO_COMMON_BLOCKS = YES;
				GCC_WARN_64_TO_32_BIT_CONVERSION = YES;
				GCC_WARN_ABOUT_RETURN_TYPE = YES_ERROR;
				GCC_WARN_UNDECLARED_SELECTOR = YES;
				GCC_WARN_UNINITIALIZED_AUTOS = YES_AGGRESSIVE;
				GCC_WARN_UNUSED_FUNCTION = YES;
				GCC_WARN_UNUSED_VARIABLE = YES;
				IPHONEOS_DEPLOYMENT_TARGET = 13.2;
				MTL_ENABLE_DEBUG_INFO = NO;
				MTL_FAST_MATH = YES;
				SDKROOT = iphoneos;
				SWIFT_COMPILATION_MODE = wholemodule;
				SWIFT_OPTIMIZATION_LEVEL = "-O";
				VALIDATE_PRODUCT = YES;
			};
			name = Release;
		};
		29B5026A23A95F2A002AB52B /* Debug */ = {
			isa = XCBuildConfiguration;
			buildSettings = {
				ASSETCATALOG_COMPILER_APPICON_NAME = AppIcon;
				CODE_SIGN_STYLE = Automatic;
				INFOPLIST_FILE = NSDeprem/Info.plist;
				IPHONEOS_DEPLOYMENT_TARGET = 11.0;
				LD_RUNPATH_SEARCH_PATHS = (
					"$(inherited)",
					"@executable_path/Frameworks",
				);
				PRODUCT_BUNDLE_IDENTIFIER = emreciftci.NSDeprem;
				PRODUCT_NAME = "$(TARGET_NAME)";
				SWIFT_VERSION = 5.0;
				TARGETED_DEVICE_FAMILY = 1;
			};
			name = Debug;
		};
		29B5026B23A95F2A002AB52B /* Release */ = {
			isa = XCBuildConfiguration;
			buildSettings = {
				ASSETCATALOG_COMPILER_APPICON_NAME = AppIcon;
				CODE_SIGN_STYLE = Automatic;
				INFOPLIST_FILE = NSDeprem/Info.plist;
				IPHONEOS_DEPLOYMENT_TARGET = 11.0;
				LD_RUNPATH_SEARCH_PATHS = (
					"$(inherited)",
					"@executable_path/Frameworks",
				);
				PRODUCT_BUNDLE_IDENTIFIER = emreciftci.NSDeprem;
				PRODUCT_NAME = "$(TARGET_NAME)";
				SWIFT_VERSION = 5.0;
				TARGETED_DEVICE_FAMILY = 1;
			};
			name = Release;
		};
/* End XCBuildConfiguration section */

/* Begin XCConfigurationList section */
		29B5025023A95F2A002AB52B /* Build configuration list for PBXProject "NSDeprem" */ = {
			isa = XCConfigurationList;
			buildConfigurations = (
				29B5026723A95F2A002AB52B /* Debug */,
				29B5026823A95F2A002AB52B /* Release */,
			);
			defaultConfigurationIsVisible = 0;
			defaultConfigurationName = Release;
		};
		29B5026923A95F2A002AB52B /* Build configuration list for PBXNativeTarget "NSDeprem" */ = {
			isa = XCConfigurationList;
			buildConfigurations = (
				29B5026A23A95F2A002AB52B /* Debug */,
				29B5026B23A95F2A002AB52B /* Release */,
			);
			defaultConfigurationIsVisible = 0;
			defaultConfigurationName = Release;
		};
/* End XCConfigurationList section */
	};
	rootObject = 29B5024D23A95F2A002AB52B /* Project object */;
}
