// !$*UTF8*$!
{
	archiveVersion = 1;
	classes = {
	};
	objectVersion = 50;
	objects = {

/* Begin PBXBuildFile section */
		290A539D23AFC63A006776FD /* DetailPresenter.swift in Sources */ = {isa = PBXBuildFile; fileRef = 290A539723AFC63A006776FD /* DetailPresenter.swift */; };
		290A539E23AFC63A006776FD /* DetailModels.swift in Sources */ = {isa = PBXBuildFile; fileRef = 290A539823AFC63A006776FD /* DetailModels.swift */; };
		290A539F23AFC63A006776FD /* DetailInteractor.swift in Sources */ = {isa = PBXBuildFile; fileRef = 290A539923AFC63A006776FD /* DetailInteractor.swift */; };
		290A53A023AFC63A006776FD /* DetailController.swift in Sources */ = {isa = PBXBuildFile; fileRef = 290A539A23AFC63A006776FD /* DetailController.swift */; };
		290A53A123AFC63A006776FD /* DetailWorker.swift in Sources */ = {isa = PBXBuildFile; fileRef = 290A539B23AFC63A006776FD /* DetailWorker.swift */; };
		290A53A223AFC63A006776FD /* DetailRouter.swift in Sources */ = {isa = PBXBuildFile; fileRef = 290A539C23AFC63A006776FD /* DetailRouter.swift */; };
		290A53A423AFC655006776FD /* Detail.storyboard in Resources */ = {isa = PBXBuildFile; fileRef = 290A53A323AFC655006776FD /* Detail.storyboard */; };
		2928CB1923A9F5F700BEAA0F /* ListPresenter.swift in Sources */ = {isa = PBXBuildFile; fileRef = 2928CB1323A9F5F700BEAA0F /* ListPresenter.swift */; };
		2928CB1A23A9F5F700BEAA0F /* ListModels.swift in Sources */ = {isa = PBXBuildFile; fileRef = 2928CB1423A9F5F700BEAA0F /* ListModels.swift */; };
		2928CB1B23A9F5F700BEAA0F /* ListInteractor.swift in Sources */ = {isa = PBXBuildFile; fileRef = 2928CB1523A9F5F700BEAA0F /* ListInteractor.swift */; };
		2928CB1C23A9F5F700BEAA0F /* ListController.swift in Sources */ = {isa = PBXBuildFile; fileRef = 2928CB1623A9F5F700BEAA0F /* ListController.swift */; };
		2928CB1D23A9F5F700BEAA0F /* ListWorker.swift in Sources */ = {isa = PBXBuildFile; fileRef = 2928CB1723A9F5F700BEAA0F /* ListWorker.swift */; };
		2928CB1E23A9F5F700BEAA0F /* ListRouter.swift in Sources */ = {isa = PBXBuildFile; fileRef = 2928CB1823A9F5F700BEAA0F /* ListRouter.swift */; };
		2928CB2223A9F61800BEAA0F /* List.storyboard in Resources */ = {isa = PBXBuildFile; fileRef = 2928CB2123A9F61800BEAA0F /* List.storyboard */; };
		2928CB2F23A9F8B100BEAA0F /* Common.framework in Frameworks */ = {isa = PBXBuildFile; fileRef = 2928CB2E23A9F8B100BEAA0F /* Common.framework */; };
		2928CB3023A9F8B100BEAA0F /* Common.framework in Embed Frameworks */ = {isa = PBXBuildFile; fileRef = 2928CB2E23A9F8B100BEAA0F /* Common.framework */; settings = {ATTRIBUTES = (CodeSignOnCopy, RemoveHeadersOnCopy, ); }; };
		2928CB3323A9F8B500BEAA0F /* Networking.framework in Frameworks */ = {isa = PBXBuildFile; fileRef = 2928CB3223A9F8B500BEAA0F /* Networking.framework */; };
		2928CB3423A9F8B500BEAA0F /* Networking.framework in Embed Frameworks */ = {isa = PBXBuildFile; fileRef = 2928CB3223A9F8B500BEAA0F /* Networking.framework */; settings = {ATTRIBUTES = (CodeSignOnCopy, RemoveHeadersOnCopy, ); }; };
		2928CB3623A9F8B900BEAA0F /* UIComp.framework in Frameworks */ = {isa = PBXBuildFile; fileRef = 2928CB3523A9F8B900BEAA0F /* UIComp.framework */; };
		2928CB3723A9F8B900BEAA0F /* UIComp.framework in Embed Frameworks */ = {isa = PBXBuildFile; fileRef = 2928CB3523A9F8B900BEAA0F /* UIComp.framework */; settings = {ATTRIBUTES = (CodeSignOnCopy, RemoveHeadersOnCopy, ); }; };
		29B5025923A95F2A002AB52B /* AppDelegate.swift in Sources */ = {isa = PBXBuildFile; fileRef = 29B5025823A95F2A002AB52B /* AppDelegate.swift */; };
		29B5026223A95F2A002AB52B /* Assets.xcassets in Resources */ = {isa = PBXBuildFile; fileRef = 29B5026123A95F2A002AB52B /* Assets.xcassets */; };
		29B5026523A95F2A002AB52B /* LaunchScreen.storyboard in Resources */ = {isa = PBXBuildFile; fileRef = 29B5026323A95F2A002AB52B /* LaunchScreen.storyboard */; };
/* End PBXBuildFile section */

/* Begin PBXCopyFilesBuildPhase section */
		2928CB3123A9F8B100BEAA0F /* Embed Frameworks */ = {
			isa = PBXCopyFilesBuildPhase;
			buildActionMask = 2147483647;
			dstPath = "";
			dstSubfolderSpec = 10;
			files = (
				2928CB3423A9F8B500BEAA0F /* Networking.framework in Embed Frameworks */,
				2928CB3023A9F8B100BEAA0F /* Common.framework in Embed Frameworks */,
				2928CB3723A9F8B900BEAA0F /* UIComp.framework in Embed Frameworks */,
			);
			name = "Embed Frameworks";
			runOnlyForDeploymentPostprocessing = 0;
		};
/* End PBXCopyFilesBuildPhase section */

/* Begin PBXFileReference section */
		290A539723AFC63A006776FD /* DetailPresenter.swift */ = {isa = PBXFileReference; lastKnownFileType = sourcecode.swift; path = DetailPresenter.swift; sourceTree = "<group>"; };
		290A539823AFC63A006776FD /* DetailModels.swift */ = {isa = PBXFileReference; lastKnownFileType = sourcecode.swift; path = DetailModels.swift; sourceTree = "<group>"; };
		290A539923AFC63A006776FD /* DetailInteractor.swift */ = {isa = PBXFileReference; lastKnownFileType = sourcecode.swift; path = DetailInteractor.swift; sourceTree = "<group>"; };
		290A539A23AFC63A006776FD /* DetailController.swift */ = {isa = PBXFileReference; lastKnownFileType = sourcecode.swift; path = DetailController.swift; sourceTree = "<group>"; };
		290A539B23AFC63A006776FD /* DetailWorker.swift */ = {isa = PBXFileReference; lastKnownFileType = sourcecode.swift; path = DetailWorker.swift; sourceTree = "<group>"; };
		290A539C23AFC63A006776FD /* DetailRouter.swift */ = {isa = PBXFileReference; lastKnownFileType = sourcecode.swift; path = DetailRouter.swift; sourceTree = "<group>"; };
		290A53A323AFC655006776FD /* Detail.storyboard */ = {isa = PBXFileReference; lastKnownFileType = file.storyboard; path = Detail.storyboard; sourceTree = "<group>"; };
		2928CB1323A9F5F700BEAA0F /* ListPresenter.swift */ = {isa = PBXFileReference; lastKnownFileType = sourcecode.swift; path = ListPresenter.swift; sourceTree = "<group>"; };
		2928CB1423A9F5F700BEAA0F /* ListModels.swift */ = {isa = PBXFileReference; lastKnownFileType = sourcecode.swift; path = ListModels.swift; sourceTree = "<group>"; };
		2928CB1523A9F5F700BEAA0F /* ListInteractor.swift */ = {isa = PBXFileReference; lastKnownFileType = sourcecode.swift; path = ListInteractor.swift; sourceTree = "<group>"; };
		2928CB1623A9F5F700BEAA0F /* ListController.swift */ = {isa = PBXFileReference; lastKnownFileType = sourcecode.swift; path = ListController.swift; sourceTree = "<group>"; };
		2928CB1723A9F5F700BEAA0F /* ListWorker.swift */ = {isa = PBXFileReference; lastKnownFileType = sourcecode.swift; path = ListWorker.swift; sourceTree = "<group>"; };
		2928CB1823A9F5F700BEAA0F /* ListRouter.swift */ = {isa = PBXFileReference; lastKnownFileType = sourcecode.swift; path = ListRouter.swift; sourceTree = "<group>"; };
		2928CB2123A9F61800BEAA0F /* List.storyboard */ = {isa = PBXFileReference; lastKnownFileType = file.storyboard; path = List.storyboard; sourceTree = "<group>"; };
		2928CB2623A9F64B00BEAA0F /* Common.framework */ = {isa = PBXFileReference; explicitFileType = wrapper.framework; path = Common.framework; sourceTree = BUILT_PRODUCTS_DIR; };
		2928CB2E23A9F8B100BEAA0F /* Common.framework */ = {isa = PBXFileReference; explicitFileType = wrapper.framework; path = Common.framework; sourceTree = BUILT_PRODUCTS_DIR; };
		2928CB3223A9F8B500BEAA0F /* Networking.framework */ = {isa = PBXFileReference; explicitFileType = wrapper.framework; path = Networking.framework; sourceTree = BUILT_PRODUCTS_DIR; };
		2928CB3523A9F8B900BEAA0F /* UIComp.framework */ = {isa = PBXFileReference; explicitFileType = wrapper.framework; path = UIComp.framework; sourceTree = BUILT_PRODUCTS_DIR; };
		29416D0C23A96274004AA792 /* Common.framework */ = {isa = PBXFileReference; explicitFileType = wrapper.framework; path = Common.framework; sourceTree = BUILT_PRODUCTS_DIR; };
		29416D0E23A96278004AA792 /* Networking.framework */ = {isa = PBXFileReference; explicitFileType = wrapper.framework; path = Networking.framework; sourceTree = BUILT_PRODUCTS_DIR; };
		29416D1023A9627B004AA792 /* UIComp.framework */ = {isa = PBXFileReference; explicitFileType = wrapper.framework; path = UIComp.framework; sourceTree = BUILT_PRODUCTS_DIR; };
		29B5025523A95F2A002AB52B /* NSDeprem.app */ = {isa = PBXFileReference; explicitFileType = wrapper.application; includeInIndex = 0; path = NSDeprem.app; sourceTree = BUILT_PRODUCTS_DIR; };
		29B5025823A95F2A002AB52B /* AppDelegate.swift */ = {isa = PBXFileReference; lastKnownFileType = sourcecode.swift; path = AppDelegate.swift; sourceTree = "<group>"; };
		29B5026123A95F2A002AB52B /* Assets.xcassets */ = {isa = PBXFileReference; lastKnownFileType = folder.assetcatalog; path = Assets.xcassets; sourceTree = "<group>"; };
		29B5026423A95F2A002AB52B /* Base */ = {isa = PBXFileReference; lastKnownFileType = file.storyboard; name = Base; path = Base.lproj/LaunchScreen.storyboard; sourceTree = "<group>"; };
		29B5026623A95F2A002AB52B /* Info.plist */ = {isa = PBXFileReference; lastKnownFileType = text.plist.xml; path = Info.plist; sourceTree = "<group>"; };
/* End PBXFileReference section */

/* Begin PBXFrameworksBuildPhase section */
		29B5025223A95F2A002AB52B /* Frameworks */ = {
			isa = PBXFrameworksBuildPhase;
			buildActionMask = 2147483647;
			files = (
				2928CB3323A9F8B500BEAA0F /* Networking.framework in Frameworks */,
				2928CB2F23A9F8B100BEAA0F /* Common.framework in Frameworks */,
				2928CB3623A9F8B900BEAA0F /* UIComp.framework in Frameworks */,
			);
			runOnlyForDeploymentPostprocessing = 0;
		};
/* End PBXFrameworksBuildPhase section */

/* Begin PBXGroup section */
		290A539623AFC62B006776FD /* Detail */ = {
			isa = PBXGroup;
			children = (
				290A539A23AFC63A006776FD /* DetailController.swift */,
				290A539923AFC63A006776FD /* DetailInteractor.swift */,
				290A539723AFC63A006776FD /* DetailPresenter.swift */,
				290A539C23AFC63A006776FD /* DetailRouter.swift */,
				290A539B23AFC63A006776FD /* DetailWorker.swift */,
				290A539823AFC63A006776FD /* DetailModels.swift */,
			);
			path = Detail;
			sourceTree = "<group>";
		};
		2928CB1123A9F5E500BEAA0F /* Scenes */ = {
			isa = PBXGroup;
			children = (
				290A539623AFC62B006776FD /* Detail */,
				2928CB1223A9F5EA00BEAA0F /* List */,
			);
			path = Scenes;
			sourceTree = "<group>";
		};
		2928CB1223A9F5EA00BEAA0F /* List */ = {
			isa = PBXGroup;
			children = (
				2928CB1623A9F5F700BEAA0F /* ListController.swift */,
				2928CB1523A9F5F700BEAA0F /* ListInteractor.swift */,
				2928CB1323A9F5F700BEAA0F /* ListPresenter.swift */,
				2928CB1823A9F5F700BEAA0F /* ListRouter.swift */,
				2928CB1723A9F5F700BEAA0F /* ListWorker.swift */,
				2928CB1423A9F5F700BEAA0F /* ListModels.swift */,
			);
			path = List;
			sourceTree = "<group>";
		};
		2928CB1F23A9F60900BEAA0F /* Resources */ = {
			isa = PBXGroup;
			children = (
				29B5026123A95F2A002AB52B /* Assets.xcassets */,
				2928CB2023A9F60F00BEAA0F /* Storyboards */,
			);
			path = Resources;
			sourceTree = "<group>";
		};
		2928CB2023A9F60F00BEAA0F /* Storyboards */ = {
			isa = PBXGroup;
			children = (
				2928CB2123A9F61800BEAA0F /* List.storyboard */,
				290A53A323AFC655006776FD /* Detail.storyboard */,
			);
			path = Storyboards;
			sourceTree = "<group>";
		};
		29416D0B23A96274004AA792 /* Frameworks */ = {
			isa = PBXGroup;
			children = (
				2928CB3523A9F8B900BEAA0F /* UIComp.framework */,
				2928CB3223A9F8B500BEAA0F /* Networking.framework */,
				2928CB2E23A9F8B100BEAA0F /* Common.framework */,
				2928CB2623A9F64B00BEAA0F /* Common.framework */,
				29416D1023A9627B004AA792 /* UIComp.framework */,
				29416D0E23A96278004AA792 /* Networking.framework */,
				29416D0C23A96274004AA792 /* Common.framework */,
			);
			name = Frameworks;
			sourceTree = "<group>";
		};
		29B5024C23A95F2A002AB52B = {
			isa = PBXGroup;
			children = (
				29B5025723A95F2A002AB52B /* NSDeprem */,
				29B5025623A95F2A002AB52B /* Products */,
				29416D0B23A96274004AA792 /* Frameworks */,
			);
			sourceTree = "<group>";
		};
		29B5025623A95F2A002AB52B /* Products */ = {
			isa = PBXGroup;
			children = (
				29B5025523A95F2A002AB52B /* NSDeprem.app */,
			);
			name = Products;
			sourceTree = "<group>";
		};
		29B5025723A95F2A002AB52B /* NSDeprem */ = {
			isa = PBXGroup;
			children = (
				2928CB1F23A9F60900BEAA0F /* Resources */,
				2928CB1123A9F5E500BEAA0F /* Scenes */,
				29B5025823A95F2A002AB52B /* AppDelegate.swift */,
				29B5026323A95F2A002AB52B /* LaunchScreen.storyboard */,
				29B5026623A95F2A002AB52B /* Info.plist */,
			);
			path = NSDeprem;
			sourceTree = "<group>";
		};
/* End PBXGroup section */

/* Begin PBXNativeTarget section */
		29B5025423A95F2A002AB52B /* NSDeprem */ = {
			isa = PBXNativeTarget;
			buildConfigurationList = 29B5026923A95F2A002AB52B /* Build configuration list for PBXNativeTarget "NSDeprem" */;
			buildPhases = (
				29B5025123A95F2A002AB52B /* Sources */,
				29B5025223A95F2A002AB52B /* Frameworks */,
				29B5025323A95F2A002AB52B /* Resources */,
				2928CB3123A9F8B100BEAA0F /* Embed Frameworks */,
			);
			buildRules = (
			);
			dependencies = (
			);
			name = NSDeprem;
			productName = NSDeprem;
			productReference = 29B5025523A95F2A002AB52B /* NSDeprem.app */;
			productType = "com.apple.product-type.application";
		};
/* End PBXNativeTarget section */

/* Begin PBXProject section */
		29B5024D23A95F2A002AB52B /* Project object */ = {
			isa = PBXProject;
			attributes = {
				LastSwiftUpdateCheck = 1120;
				LastUpgradeCheck = 1120;
				ORGANIZATIONNAME = "emre Çiftçi";
				TargetAttributes = {
					29B5025423A95F2A002AB52B = {
						CreatedOnToolsVersion = 11.2.1;
					};
				};
			};
			buildConfigurationList = 29B5025023A95F2A002AB52B /* Build configuration list for PBXProject "NSDeprem" */;
			compatibilityVersion = "Xcode 9.3";
			developmentRegion = en;
			hasScannedForEncodings = 0;
			knownRegions = (
				en,
				Base,
			);
			mainGroup = 29B5024C23A95F2A002AB52B;
			productRefGroup = 29B5025623A95F2A002AB52B /* Products */;
			projectDirPath = "";
			projectRoot = "";
			targets = (
				29B5025423A95F2A002AB52B /* NSDeprem */,
			);
		};
/* End PBXProject section */

/* Begin PBXResourcesBuildPhase section */
		29B5025323A95F2A002AB52B /* Resources */ = {
			isa = PBXResourcesBuildPhase;
			buildActionMask = 2147483647;
			files = (
				29B5026523A95F2A002AB52B /* LaunchScreen.storyboard in Resources */,
				29B5026223A95F2A002AB52B /* Assets.xcassets in Resources */,
				2928CB2223A9F61800BEAA0F /* List.storyboard in Resources */,
				290A53A423AFC655006776FD /* Detail.storyboard in Resources */,
			);
			runOnlyForDeploymentPostprocessing = 0;
		};
/* End PBXResourcesBuildPhase section */

/* Begin PBXSourcesBuildPhase section */
		29B5025123A95F2A002AB52B /* Sources */ = {
			isa = PBXSourcesBuildPhase;
			buildActionMask = 2147483647;
			files = (
				2928CB1E23A9F5F700BEAA0F /* ListRouter.swift in Sources */,
				290A539F23AFC63A006776FD /* DetailInteractor.swift in Sources */,
				2928CB1D23A9F5F700BEAA0F /* ListWorker.swift in Sources */,
				290A539D23AFC63A006776FD /* DetailPresenter.swift in Sources */,
				290A53A123AFC63A006776FD /* DetailWorker.swift in Sources */,
				290A53A223AFC63A006776FD /* DetailRouter.swift in Sources */,
				290A53A023AFC63A006776FD /* DetailController.swift in Sources */,
				2928CB1B23A9F5F700BEAA0F /* ListInteractor.swift in Sources */,
				2928CB1923A9F5F700BEAA0F /* ListPresenter.swift in Sources */,
				29B5025923A95F2A002AB52B /* AppDelegate.swift in Sources */,
				2928CB1A23A9F5F700BEAA0F /* ListModels.swift in Sources */,
				290A539E23AFC63A006776FD /* DetailModels.swift in Sources */,
				2928CB1C23A9F5F700BEAA0F /* ListController.swift in Sources */,
			);
			runOnlyForDeploymentPostprocessing = 0;
		};
/* End PBXSourcesBuildPhase section */

/* Begin PBXVariantGroup section */
		29B5026323A95F2A002AB52B /* LaunchScreen.storyboard */ = {
			isa = PBXVariantGroup;
			children = (
				29B5026423A95F2A002AB52B /* Base */,
			);
			name = LaunchScreen.storyboard;
			sourceTree = "<group>";
		};
/* End PBXVariantGroup section */

/* Begin XCBuildConfiguration section */
		29B5026723A95F2A002AB52B /* Debug */ = {
			isa = XCBuildConfiguration;
			buildSettings = {
				ALWAYS_SEARCH_USER_PATHS = NO;
				CLANG_ANALYZER_NONNULL = YES;
				CLANG_ANALYZER_NUMBER_OBJECT_CONVERSION = YES_AGGRESSIVE;
				CLANG_CXX_LANGUAGE_STANDARD = "gnu++14";
				CLANG_CXX_LIBRARY = "libc++";
				CLANG_ENABLE_MODULES = YES;
				CLANG_ENABLE_OBJC_ARC = YES;
				CLANG_ENABLE_OBJC_WEAK = YES;
				CLANG_WARN_BLOCK_CAPTURE_AUTORELEASING = YES;
				CLANG_WARN_BOOL_CONVERSION = YES;
				CLANG_WARN_COMMA = YES;
				CLANG_WARN_CONSTANT_CONVERSION = YES;
				CLANG_WARN_DEPRECATED_OBJC_IMPLEMENTATIONS = YES;
				CLANG_WARN_DIRECT_OBJC_ISA_USAGE = YES_ERROR;
				CLANG_WARN_DOCUMENTATION_COMMENTS = YES;
				CLANG_WARN_EMPTY_BODY = YES;
				CLANG_WARN_ENUM_CONVERSION = YES;
				CLANG_WARN_INFINITE_RECURSION = YES;
				CLANG_WARN_INT_CONVERSION = YES;
				CLANG_WARN_NON_LITERAL_NULL_CONVERSION = YES;
				CLANG_WARN_OBJC_IMPLICIT_RETAIN_SELF = YES;
				CLANG_WARN_OBJC_LITERAL_CONVERSION = YES;
				CLANG_WARN_OBJC_ROOT_CLASS = YES_ERROR;
				CLANG_WARN_RANGE_LOOP_ANALYSIS = YES;
				CLANG_WARN_STRICT_PROTOTYPES = YES;
				CLANG_WARN_SUSPICIOUS_MOVE = YES;
				CLANG_WARN_UNGUARDED_AVAILABILITY = YES_AGGRESSIVE;
				CLANG_WARN_UNREACHABLE_CODE = YES;
				CLANG_WARN__DUPLICATE_METHOD_MATCH = YES;
				COPY_PHASE_STRIP = NO;
				DEBUG_INFORMATION_FORMAT = dwarf;
				ENABLE_STRICT_OBJC_MSGSEND = YES;
				ENABLE_TESTABILITY = YES;
				GCC_C_LANGUAGE_STANDARD = gnu11;
				GCC_DYNAMIC_NO_PIC = NO;
				GCC_NO_COMMON_BLOCKS = YES;
				GCC_OPTIMIZATION_LEVEL = 0;
				GCC_PREPROCESSOR_DEFINITIONS = (
					"DEBUG=1",
					"$(inherited)",
				);
				GCC_WARN_64_TO_32_BIT_CONVERSION = YES;
				GCC_WARN_ABOUT_RETURN_TYPE = YES_ERROR;
				GCC_WARN_UNDECLARED_SELECTOR = YES;
				GCC_WARN_UNINITIALIZED_AUTOS = YES_AGGRESSIVE;
				GCC_WARN_UNUSED_FUNCTION = YES;
				GCC_WARN_UNUSED_VARIABLE = YES;
				IPHONEOS_DEPLOYMENT_TARGET = 13.2;
				MTL_ENABLE_DEBUG_INFO = INCLUDE_SOURCE;
				MTL_FAST_MATH = YES;
				ONLY_ACTIVE_ARCH = YES;
				SDKROOT = iphoneos;
				SWIFT_ACTIVE_COMPILATION_CONDITIONS = DEBUG;
				SWIFT_OPTIMIZATION_LEVEL = "-Onone";
			};
			name = Debug;
		};
		29B5026823A95F2A002AB52B /* Release */ = {
			isa = XCBuildConfiguration;
			buildSettings = {
				ALWAYS_SEARCH_USER_PATHS = NO;
				CLANG_ANALYZER_NONNULL = YES;
				CLANG_ANALYZER_NUMBER_OBJECT_CONVERSION = YES_AGGRESSIVE;
				CLANG_CXX_LANGUAGE_STANDARD = "gnu++14";
				CLANG_CXX_LIBRARY = "libc++";
				CLANG_ENABLE_MODULES = YES;
				CLANG_ENABLE_OBJC_ARC = YES;
				CLANG_ENABLE_OBJC_WEAK = YES;
				CLANG_WARN_BLOCK_CAPTURE_AUTORELEASING = YES;
				CLANG_WARN_BOOL_CONVERSION = YES;
				CLANG_WARN_COMMA = YES;
				CLANG_WARN_CONSTANT_CONVERSION = YES;
				CLANG_WARN_DEPRECATED_OBJC_IMPLEMENTATIONS = YES;
				CLANG_WARN_DIRECT_OBJC_ISA_USAGE = YES_ERROR;
				CLANG_WARN_DOCUMENTATION_COMMENTS = YES;
				CLANG_WARN_EMPTY_BODY = YES;
				CLANG_WARN_ENUM_CONVERSION = YES;
				CLANG_WARN_INFINITE_RECURSION = YES;
				CLANG_WARN_INT_CONVERSION = YES;
				CLANG_WARN_NON_LITERAL_NULL_CONVERSION = YES;
				CLANG_WARN_OBJC_IMPLICIT_RETAIN_SELF = YES;
				CLANG_WARN_OBJC_LITERAL_CONVERSION = YES;
				CLANG_WARN_OBJC_ROOT_CLASS = YES_ERROR;
				CLANG_WARN_RANGE_LOOP_ANALYSIS = YES;
				CLANG_WARN_STRICT_PROTOTYPES = YES;
				CLANG_WARN_SUSPICIOUS_MOVE = YES;
				CLANG_WARN_UNGUARDED_AVAILABILITY = YES_AGGRESSIVE;
				CLANG_WARN_UNREACHABLE_CODE = YES;
				CLANG_WARN__DUPLICATE_METHOD_MATCH = YES;
				COPY_PHASE_STRIP = NO;
				DEBUG_INFORMATION_FORMAT = "dwarf-with-dsym";
				ENABLE_NS_ASSERTIONS = NO;
				ENABLE_STRICT_OBJC_MSGSEND = YES;
				GCC_C_LANGUAGE_STANDARD = gnu11;
				GCC_NO_COMMON_BLOCKS = YES;
				GCC_WARN_64_TO_32_BIT_CONVERSION = YES;
				GCC_WARN_ABOUT_RETURN_TYPE = YES_ERROR;
				GCC_WARN_UNDECLARED_SELECTOR = YES;
				GCC_WARN_UNINITIALIZED_AUTOS = YES_AGGRESSIVE;
				GCC_WARN_UNUSED_FUNCTION = YES;
				GCC_WARN_UNUSED_VARIABLE = YES;
				IPHONEOS_DEPLOYMENT_TARGET = 13.2;
				MTL_ENABLE_DEBUG_INFO = NO;
				MTL_FAST_MATH = YES;
				SDKROOT = iphoneos;
				SWIFT_COMPILATION_MODE = wholemodule;
				SWIFT_OPTIMIZATION_LEVEL = "-O";
				VALIDATE_PRODUCT = YES;
			};
			name = Release;
		};
		29B5026A23A95F2A002AB52B /* Debug */ = {
			isa = XCBuildConfiguration;
			buildSettings = {
				ASSETCATALOG_COMPILER_APPICON_NAME = AppIcon;
				CODE_SIGN_STYLE = Automatic;
				INFOPLIST_FILE = NSDeprem/Info.plist;
				IPHONEOS_DEPLOYMENT_TARGET = 11.0;
				LD_RUNPATH_SEARCH_PATHS = (
					"$(inherited)",
					"@executable_path/Frameworks",
				);
				PRODUCT_BUNDLE_IDENTIFIER = emreciftci.NSDeprem;
				PRODUCT_NAME = "$(TARGET_NAME)";
				SWIFT_VERSION = 5.0;
				TARGETED_DEVICE_FAMILY = 1;
			};
			name = Debug;
		};
		29B5026B23A95F2A002AB52B /* Release */ = {
			isa = XCBuildConfiguration;
			buildSettings = {
				ASSETCATALOG_COMPILER_APPICON_NAME = AppIcon;
				CODE_SIGN_STYLE = Automatic;
				INFOPLIST_FILE = NSDeprem/Info.plist;
				IPHONEOS_DEPLOYMENT_TARGET = 11.0;
				LD_RUNPATH_SEARCH_PATHS = (
					"$(inherited)",
					"@executable_path/Frameworks",
				);
				PRODUCT_BUNDLE_IDENTIFIER = emreciftci.NSDeprem;
				PRODUCT_NAME = "$(TARGET_NAME)";
				SWIFT_VERSION = 5.0;
				TARGETED_DEVICE_FAMILY = 1;
			};
			name = Release;
		};
/* End XCBuildConfiguration section */

/* Begin XCConfigurationList section */
		29B5025023A95F2A002AB52B /* Build configuration list for PBXProject "NSDeprem" */ = {
			isa = XCConfigurationList;
			buildConfigurations = (
				29B5026723A95F2A002AB52B /* Debug */,
				29B5026823A95F2A002AB52B /* Release */,
			);
			defaultConfigurationIsVisible = 0;
			defaultConfigurationName = Release;
		};
		29B5026923A95F2A002AB52B /* Build configuration list for PBXNativeTarget "NSDeprem" */ = {
			isa = XCConfigurationList;
			buildConfigurations = (
				29B5026A23A95F2A002AB52B /* Debug */,
				29B5026B23A95F2A002AB52B /* Release */,
			);
			defaultConfigurationIsVisible = 0;
			defaultConfigurationName = Release;
		};
/* End XCConfigurationList section */
	};
	rootObject = 29B5024D23A95F2A002AB52B /* Project object */;
}
